// !$*UTF8*$!
{
	archiveVersion = 1;
	classes = {
	};
	objectVersion = 56;
	objects = {

/* Begin PBXBuildFile section */
		DC584F712B9517920016D844 /* QuestionPresenter.swift in Sources */ = {isa = PBXBuildFile; fileRef = DC584F6B2B9517920016D844 /* QuestionPresenter.swift */; };
		DC584F732B9517920016D844 /* QuestionRouter.swift in Sources */ = {isa = PBXBuildFile; fileRef = DC584F6D2B9517920016D844 /* QuestionRouter.swift */; };
		DC584F742B9517920016D844 /* QuestionModels.swift in Sources */ = {isa = PBXBuildFile; fileRef = DC584F6E2B9517920016D844 /* QuestionModels.swift */; };
		DC584F752B9517920016D844 /* QuestionViewController.swift in Sources */ = {isa = PBXBuildFile; fileRef = DC584F6F2B9517920016D844 /* QuestionViewController.swift */; };
		DC584F762B9517920016D844 /* QuestionInteractor.swift in Sources */ = {isa = PBXBuildFile; fileRef = DC584F702B9517920016D844 /* QuestionInteractor.swift */; };
		DC584F792B9526C20016D844 /* NavBarTitleView.swift in Sources */ = {isa = PBXBuildFile; fileRef = DC584F782B9526C20016D844 /* NavBarTitleView.swift */; };
		DC584F7B2B9526CF0016D844 /* NavBarTitleView.xib in Resources */ = {isa = PBXBuildFile; fileRef = DC584F7A2B9526CF0016D844 /* NavBarTitleView.xib */; };
		DC584F7F2B9527AC0016D844 /* Reusable in Frameworks */ = {isa = PBXBuildFile; productRef = DC584F7E2B9527AC0016D844 /* Reusable */; };
		DC584F852B952CBD0016D844 /* AnswerCell.swift in Sources */ = {isa = PBXBuildFile; fileRef = DC584F832B952CBD0016D844 /* AnswerCell.swift */; };
		DC584F862B952CBD0016D844 /* AnswerCell.xib in Resources */ = {isa = PBXBuildFile; fileRef = DC584F842B952CBD0016D844 /* AnswerCell.xib */; };
		DC584F882B952CC70016D844 /* QuestionHeaderView.swift in Sources */ = {isa = PBXBuildFile; fileRef = DC584F872B952CC70016D844 /* QuestionHeaderView.swift */; };
		DC584F8A2B952CCF0016D844 /* QuestionHeaderView.xib in Resources */ = {isa = PBXBuildFile; fileRef = DC584F892B952CCF0016D844 /* QuestionHeaderView.xib */; };
		DC606ACF2B95323800BCB5BE /* QuestionViewController.xib in Resources */ = {isa = PBXBuildFile; fileRef = DC606ACE2B95323800BCB5BE /* QuestionViewController.xib */; };
		DC606AD22B953BB200BCB5BE /* Kingfisher in Frameworks */ = {isa = PBXBuildFile; productRef = DC606AD12B953BB200BCB5BE /* Kingfisher */; };
		DCE98BE22B94AD410082FCBF /* StartingPagePresenter.swift in Sources */ = {isa = PBXBuildFile; fileRef = DCE98BDC2B94AD410082FCBF /* StartingPagePresenter.swift */; };
		DCE98BE42B94AD410082FCBF /* StartingPageRouter.swift in Sources */ = {isa = PBXBuildFile; fileRef = DCE98BDE2B94AD410082FCBF /* StartingPageRouter.swift */; };
		DCE98BE62B94AD410082FCBF /* StartingPageViewController.swift in Sources */ = {isa = PBXBuildFile; fileRef = DCE98BE02B94AD410082FCBF /* StartingPageViewController.swift */; };
		DCE98BE72B94AD410082FCBF /* StartingPageInteractor.swift in Sources */ = {isa = PBXBuildFile; fileRef = DCE98BE12B94AD410082FCBF /* StartingPageInteractor.swift */; };
		DCE98BEA2B94C9680082FCBF /* StartingPageViewController.xib in Resources */ = {isa = PBXBuildFile; fileRef = DCE98BE92B94C9680082FCBF /* StartingPageViewController.xib */; };
		DCE98BEC2B94F6600082FCBF /* GameFlowController.swift in Sources */ = {isa = PBXBuildFile; fileRef = DCE98BEB2B94F6600082FCBF /* GameFlowController.swift */; };
		DCE98BEE2B94F7890082FCBF /* GameEngine.swift in Sources */ = {isa = PBXBuildFile; fileRef = DCE98BED2B94F7890082FCBF /* GameEngine.swift */; };
		DCE98BF22B94F8FA0082FCBF /* QuizAppService.swift in Sources */ = {isa = PBXBuildFile; fileRef = DCE98BF12B94F8FA0082FCBF /* QuizAppService.swift */; };
		DCE98BF52B94F95C0082FCBF /* Questions.swift in Sources */ = {isa = PBXBuildFile; fileRef = DCE98BF42B94F95C0082FCBF /* Questions.swift */; };
		DCE98BFB2B9502780082FCBF /* data.json in Resources */ = {isa = PBXBuildFile; fileRef = DCE98BF92B9502600082FCBF /* data.json */; };
		DCE98BFE2B95030C0082FCBF /* UIViewController+Extensions.swift in Sources */ = {isa = PBXBuildFile; fileRef = DCE98BFD2B95030C0082FCBF /* UIViewController+Extensions.swift */; };
		DCE98C012B95034D0082FCBF /* MBProgressHUD in Frameworks */ = {isa = PBXBuildFile; productRef = DCE98C002B95034D0082FCBF /* MBProgressHUD */; };
		DCE99EA52B94AA3F0091A041 /* AppDelegate.swift in Sources */ = {isa = PBXBuildFile; fileRef = DCE99EA42B94AA3F0091A041 /* AppDelegate.swift */; };
		DCE99EAE2B94AA400091A041 /* Assets.xcassets in Resources */ = {isa = PBXBuildFile; fileRef = DCE99EAD2B94AA400091A041 /* Assets.xcassets */; };
		DCE99EB12B94AA400091A041 /* LaunchScreen.storyboard in Resources */ = {isa = PBXBuildFile; fileRef = DCE99EAF2B94AA400091A041 /* LaunchScreen.storyboard */; };
/* End PBXBuildFile section */

/* Begin PBXFileReference section */
		DC584F6B2B9517920016D844 /* QuestionPresenter.swift */ = {isa = PBXFileReference; lastKnownFileType = sourcecode.swift; path = QuestionPresenter.swift; sourceTree = "<group>"; };
		DC584F6D2B9517920016D844 /* QuestionRouter.swift */ = {isa = PBXFileReference; lastKnownFileType = sourcecode.swift; path = QuestionRouter.swift; sourceTree = "<group>"; };
		DC584F6E2B9517920016D844 /* QuestionModels.swift */ = {isa = PBXFileReference; lastKnownFileType = sourcecode.swift; path = QuestionModels.swift; sourceTree = "<group>"; };
		DC584F6F2B9517920016D844 /* QuestionViewController.swift */ = {isa = PBXFileReference; lastKnownFileType = sourcecode.swift; path = QuestionViewController.swift; sourceTree = "<group>"; };
		DC584F702B9517920016D844 /* QuestionInteractor.swift */ = {isa = PBXFileReference; lastKnownFileType = sourcecode.swift; path = QuestionInteractor.swift; sourceTree = "<group>"; };
		DC584F782B9526C20016D844 /* NavBarTitleView.swift */ = {isa = PBXFileReference; lastKnownFileType = sourcecode.swift; path = NavBarTitleView.swift; sourceTree = "<group>"; };
		DC584F7A2B9526CF0016D844 /* NavBarTitleView.xib */ = {isa = PBXFileReference; lastKnownFileType = file.xib; path = NavBarTitleView.xib; sourceTree = "<group>"; };
		DC584F832B952CBD0016D844 /* AnswerCell.swift */ = {isa = PBXFileReference; lastKnownFileType = sourcecode.swift; path = AnswerCell.swift; sourceTree = "<group>"; };
		DC584F842B952CBD0016D844 /* AnswerCell.xib */ = {isa = PBXFileReference; lastKnownFileType = file.xib; path = AnswerCell.xib; sourceTree = "<group>"; };
		DC584F872B952CC70016D844 /* QuestionHeaderView.swift */ = {isa = PBXFileReference; lastKnownFileType = sourcecode.swift; path = QuestionHeaderView.swift; sourceTree = "<group>"; };
		DC584F892B952CCF0016D844 /* QuestionHeaderView.xib */ = {isa = PBXFileReference; lastKnownFileType = file.xib; path = QuestionHeaderView.xib; sourceTree = "<group>"; };
		DC606ACE2B95323800BCB5BE /* QuestionViewController.xib */ = {isa = PBXFileReference; lastKnownFileType = file.xib; path = QuestionViewController.xib; sourceTree = "<group>"; };
		DCE98BDC2B94AD410082FCBF /* StartingPagePresenter.swift */ = {isa = PBXFileReference; lastKnownFileType = sourcecode.swift; path = StartingPagePresenter.swift; sourceTree = "<group>"; };
		DCE98BDE2B94AD410082FCBF /* StartingPageRouter.swift */ = {isa = PBXFileReference; lastKnownFileType = sourcecode.swift; path = StartingPageRouter.swift; sourceTree = "<group>"; };
		DCE98BE02B94AD410082FCBF /* StartingPageViewController.swift */ = {isa = PBXFileReference; lastKnownFileType = sourcecode.swift; path = StartingPageViewController.swift; sourceTree = "<group>"; };
		DCE98BE12B94AD410082FCBF /* StartingPageInteractor.swift */ = {isa = PBXFileReference; lastKnownFileType = sourcecode.swift; path = StartingPageInteractor.swift; sourceTree = "<group>"; };
		DCE98BE92B94C9680082FCBF /* StartingPageViewController.xib */ = {isa = PBXFileReference; lastKnownFileType = file.xib; path = StartingPageViewController.xib; sourceTree = "<group>"; };
		DCE98BEB2B94F6600082FCBF /* GameFlowController.swift */ = {isa = PBXFileReference; lastKnownFileType = sourcecode.swift; path = GameFlowController.swift; sourceTree = "<group>"; };
		DCE98BED2B94F7890082FCBF /* GameEngine.swift */ = {isa = PBXFileReference; lastKnownFileType = sourcecode.swift; path = GameEngine.swift; sourceTree = "<group>"; };
		DCE98BF12B94F8FA0082FCBF /* QuizAppService.swift */ = {isa = PBXFileReference; lastKnownFileType = sourcecode.swift; path = QuizAppService.swift; sourceTree = "<group>"; };
		DCE98BF42B94F95C0082FCBF /* Questions.swift */ = {isa = PBXFileReference; lastKnownFileType = sourcecode.swift; path = Questions.swift; sourceTree = "<group>"; };
		DCE98BF92B9502600082FCBF /* data.json */ = {isa = PBXFileReference; fileEncoding = 4; lastKnownFileType = text.json; path = data.json; sourceTree = "<group>"; };
		DCE98BFD2B95030C0082FCBF /* UIViewController+Extensions.swift */ = {isa = PBXFileReference; lastKnownFileType = sourcecode.swift; path = "UIViewController+Extensions.swift"; sourceTree = "<group>"; };
		DCE99EA12B94AA3F0091A041 /* QuizApp.app */ = {isa = PBXFileReference; explicitFileType = wrapper.application; includeInIndex = 0; path = QuizApp.app; sourceTree = BUILT_PRODUCTS_DIR; };
		DCE99EA42B94AA3F0091A041 /* AppDelegate.swift */ = {isa = PBXFileReference; lastKnownFileType = sourcecode.swift; path = AppDelegate.swift; sourceTree = "<group>"; };
		DCE99EAD2B94AA400091A041 /* Assets.xcassets */ = {isa = PBXFileReference; lastKnownFileType = folder.assetcatalog; path = Assets.xcassets; sourceTree = "<group>"; };
		DCE99EB02B94AA400091A041 /* Base */ = {isa = PBXFileReference; lastKnownFileType = file.storyboard; name = Base; path = Base.lproj/LaunchScreen.storyboard; sourceTree = "<group>"; };
		DCE99EB22B94AA400091A041 /* Info.plist */ = {isa = PBXFileReference; lastKnownFileType = text.plist.xml; path = Info.plist; sourceTree = "<group>"; };
/* End PBXFileReference section */

/* Begin PBXFrameworksBuildPhase section */
		DCE99E9E2B94AA3F0091A041 /* Frameworks */ = {
			isa = PBXFrameworksBuildPhase;
			buildActionMask = 2147483647;
			files = (
				DC606AD22B953BB200BCB5BE /* Kingfisher in Frameworks */,
				DCE98C012B95034D0082FCBF /* MBProgressHUD in Frameworks */,
				DC584F7F2B9527AC0016D844 /* Reusable in Frameworks */,
			);
			runOnlyForDeploymentPostprocessing = 0;
		};
/* End PBXFrameworksBuildPhase section */

/* Begin PBXGroup section */
		DC584F6A2B9517730016D844 /* QuestionPage */ = {
			isa = PBXGroup;
			children = (
				DC584F772B9526A80016D844 /* Views */,
				DC584F6B2B9517920016D844 /* QuestionPresenter.swift */,
				DC584F6D2B9517920016D844 /* QuestionRouter.swift */,
				DC584F6E2B9517920016D844 /* QuestionModels.swift */,
				DC584F6F2B9517920016D844 /* QuestionViewController.swift */,
				DC584F702B9517920016D844 /* QuestionInteractor.swift */,
				DC606ACE2B95323800BCB5BE /* QuestionViewController.xib */,
			);
			path = QuestionPage;
			sourceTree = "<group>";
		};
		DC584F772B9526A80016D844 /* Views */ = {
			isa = PBXGroup;
			children = (
				DC584F822B952C4A0016D844 /* AnswerCell */,
				DC584F812B952C300016D844 /* QuestionHeaderCell */,
				DC584F802B952C2B0016D844 /* NavBarTitleView */,
			);
			path = Views;
			sourceTree = "<group>";
		};
		DC584F802B952C2B0016D844 /* NavBarTitleView */ = {
			isa = PBXGroup;
			children = (
				DC584F782B9526C20016D844 /* NavBarTitleView.swift */,
				DC584F7A2B9526CF0016D844 /* NavBarTitleView.xib */,
			);
			path = NavBarTitleView;
			sourceTree = "<group>";
		};
		DC584F812B952C300016D844 /* QuestionHeaderCell */ = {
			isa = PBXGroup;
			children = (
				DC584F872B952CC70016D844 /* QuestionHeaderView.swift */,
				DC584F892B952CCF0016D844 /* QuestionHeaderView.xib */,
			);
			path = QuestionHeaderCell;
			sourceTree = "<group>";
		};
		DC584F822B952C4A0016D844 /* AnswerCell */ = {
			isa = PBXGroup;
			children = (
				DC584F832B952CBD0016D844 /* AnswerCell.swift */,
				DC584F842B952CBD0016D844 /* AnswerCell.xib */,
			);
			path = AnswerCell;
			sourceTree = "<group>";
		};
		DCE98BE82B94AD450082FCBF /* StartingPage */ = {
			isa = PBXGroup;
			children = (
				DCE98BDC2B94AD410082FCBF /* StartingPagePresenter.swift */,
				DCE98BDE2B94AD410082FCBF /* StartingPageRouter.swift */,
				DCE98BE02B94AD410082FCBF /* StartingPageViewController.swift */,
				DCE98BE12B94AD410082FCBF /* StartingPageInteractor.swift */,
				DCE98BE92B94C9680082FCBF /* StartingPageViewController.xib */,
			);
			path = StartingPage;
			sourceTree = "<group>";
		};
		DCE98BEF2B94F7A30082FCBF /* GameEngine */ = {
			isa = PBXGroup;
			children = (
				DCE98BEB2B94F6600082FCBF /* GameFlowController.swift */,
				DCE98BED2B94F7890082FCBF /* GameEngine.swift */,
			);
			path = GameEngine;
			sourceTree = "<group>";
		};
		DCE98BF02B94F8F00082FCBF /* Services */ = {
			isa = PBXGroup;
			children = (
				DCE98BF12B94F8FA0082FCBF /* QuizAppService.swift */,
			);
			path = Services;
			sourceTree = "<group>";
		};
		DCE98BF32B94F9530082FCBF /* Models */ = {
			isa = PBXGroup;
			children = (
				DCE98BF42B94F95C0082FCBF /* Questions.swift */,
			);
			path = Models;
			sourceTree = "<group>";
		};
		DCE98BF82B9502600082FCBF /* Mocks */ = {
			isa = PBXGroup;
			children = (
				DCE98BF92B9502600082FCBF /* data.json */,
			);
			path = Mocks;
			sourceTree = "<group>";
		};
		DCE98BFC2B9502FD0082FCBF /* Extensions */ = {
			isa = PBXGroup;
			children = (
				DCE98BFD2B95030C0082FCBF /* UIViewController+Extensions.swift */,
			);
			path = Extensions;
			sourceTree = "<group>";
		};
		DCE99E982B94AA3F0091A041 = {
			isa = PBXGroup;
			children = (
				DCE99EA32B94AA3F0091A041 /* QuizApp */,
				DCE99EA22B94AA3F0091A041 /* Products */,
			);
			sourceTree = "<group>";
		};
		DCE99EA22B94AA3F0091A041 /* Products */ = {
			isa = PBXGroup;
			children = (
				DCE99EA12B94AA3F0091A041 /* QuizApp.app */,
			);
			name = Products;
			sourceTree = "<group>";
		};
		DCE99EA32B94AA3F0091A041 /* QuizApp */ = {
			isa = PBXGroup;
			children = (
				DCE98BFC2B9502FD0082FCBF /* Extensions */,
				DCE98BF82B9502600082FCBF /* Mocks */,
				DCE98BF32B94F9530082FCBF /* Models */,
				DCE98BF02B94F8F00082FCBF /* Services */,
				DCE99EB82B94AAB00091A041 /* Features */,
				DCE99EA42B94AA3F0091A041 /* AppDelegate.swift */,
				DCE99EAD2B94AA400091A041 /* Assets.xcassets */,
				DCE99EAF2B94AA400091A041 /* LaunchScreen.storyboard */,
				DCE99EB22B94AA400091A041 /* Info.plist */,
			);
			path = QuizApp;
			sourceTree = "<group>";
		};
		DCE99EB82B94AAB00091A041 /* Features */ = {
			isa = PBXGroup;
			children = (
				DCE98BEF2B94F7A30082FCBF /* GameEngine */,
				DCE98BE82B94AD450082FCBF /* StartingPage */,
				DC584F6A2B9517730016D844 /* QuestionPage */,
			);
			path = Features;
			sourceTree = "<group>";
		};
/* End PBXGroup section */

/* Begin PBXNativeTarget section */
		DCE99EA02B94AA3F0091A041 /* QuizApp */ = {
			isa = PBXNativeTarget;
			buildConfigurationList = DCE99EB52B94AA400091A041 /* Build configuration list for PBXNativeTarget "QuizApp" */;
			buildPhases = (
				DCE99E9D2B94AA3F0091A041 /* Sources */,
				DCE99E9E2B94AA3F0091A041 /* Frameworks */,
				DCE99E9F2B94AA3F0091A041 /* Resources */,
			);
			buildRules = (
			);
			dependencies = (
			);
			name = QuizApp;
			packageProductDependencies = (
				DCE98C002B95034D0082FCBF /* MBProgressHUD */,
				DC584F7E2B9527AC0016D844 /* Reusable */,
				DC606AD12B953BB200BCB5BE /* Kingfisher */,
			);
			productName = QuizApp;
			productReference = DCE99EA12B94AA3F0091A041 /* QuizApp.app */;
			productType = "com.apple.product-type.application";
		};
/* End PBXNativeTarget section */

/* Begin PBXProject section */
		DCE99E992B94AA3F0091A041 /* Project object */ = {
			isa = PBXProject;
			attributes = {
				BuildIndependentTargetsInParallel = 1;
				LastSwiftUpdateCheck = 1430;
				LastUpgradeCheck = 1430;
				TargetAttributes = {
					DCE99EA02B94AA3F0091A041 = {
						CreatedOnToolsVersion = 14.3;
					};
				};
			};
			buildConfigurationList = DCE99E9C2B94AA3F0091A041 /* Build configuration list for PBXProject "QuizApp" */;
			compatibilityVersion = "Xcode 14.0";
			developmentRegion = en;
			hasScannedForEncodings = 0;
			knownRegions = (
				en,
				Base,
			);
			mainGroup = DCE99E982B94AA3F0091A041;
			packageReferences = (
				DCE98BFF2B95034D0082FCBF /* XCRemoteSwiftPackageReference "MBProgressHUD" */,
				DC584F7D2B9527AC0016D844 /* XCRemoteSwiftPackageReference "Reusable" */,
				DC606AD02B953BB200BCB5BE /* XCRemoteSwiftPackageReference "Kingfisher" */,
			);
			productRefGroup = DCE99EA22B94AA3F0091A041 /* Products */;
			projectDirPath = "";
			projectRoot = "";
			targets = (
				DCE99EA02B94AA3F0091A041 /* QuizApp */,
			);
		};
/* End PBXProject section */

/* Begin PBXResourcesBuildPhase section */
		DCE99E9F2B94AA3F0091A041 /* Resources */ = {
			isa = PBXResourcesBuildPhase;
			buildActionMask = 2147483647;
			files = (
				DCE99EB12B94AA400091A041 /* LaunchScreen.storyboard in Resources */,
				DC584F8A2B952CCF0016D844 /* QuestionHeaderView.xib in Resources */,
				DC606ACF2B95323800BCB5BE /* QuestionViewController.xib in Resources */,
				DC584F862B952CBD0016D844 /* AnswerCell.xib in Resources */,
				DCE99EAE2B94AA400091A041 /* Assets.xcassets in Resources */,
				DCE98BEA2B94C9680082FCBF /* StartingPageViewController.xib in Resources */,
				DC584F7B2B9526CF0016D844 /* NavBarTitleView.xib in Resources */,
				DCE98BFB2B9502780082FCBF /* data.json in Resources */,
			);
			runOnlyForDeploymentPostprocessing = 0;
		};
/* End PBXResourcesBuildPhase section */

/* Begin PBXSourcesBuildPhase section */
		DCE99E9D2B94AA3F0091A041 /* Sources */ = {
			isa = PBXSourcesBuildPhase;
			buildActionMask = 2147483647;
			files = (
				DCE98BEC2B94F6600082FCBF /* GameFlowController.swift in Sources */,
				DCE98BE42B94AD410082FCBF /* StartingPageRouter.swift in Sources */,
				DCE98BFE2B95030C0082FCBF /* UIViewController+Extensions.swift in Sources */,
				DCE99EA52B94AA3F0091A041 /* AppDelegate.swift in Sources */,
				DCE98BF52B94F95C0082FCBF /* Questions.swift in Sources */,
				DCE98BEE2B94F7890082FCBF /* GameEngine.swift in Sources */,
				DC584F762B9517920016D844 /* QuestionInteractor.swift in Sources */,
				DC584F852B952CBD0016D844 /* AnswerCell.swift in Sources */,
				DC584F792B9526C20016D844 /* NavBarTitleView.swift in Sources */,
				DCE98BE72B94AD410082FCBF /* StartingPageInteractor.swift in Sources */,
				DCE98BE22B94AD410082FCBF /* StartingPagePresenter.swift in Sources */,
				DCE98BF22B94F8FA0082FCBF /* QuizAppService.swift in Sources */,
				DC584F732B9517920016D844 /* QuestionRouter.swift in Sources */,
				DC584F752B9517920016D844 /* QuestionViewController.swift in Sources */,
				DC584F742B9517920016D844 /* QuestionModels.swift in Sources */,
				DC584F712B9517920016D844 /* QuestionPresenter.swift in Sources */,
				DC584F882B952CC70016D844 /* QuestionHeaderView.swift in Sources */,
				DCE98BE62B94AD410082FCBF /* StartingPageViewController.swift in Sources */,
			);
			runOnlyForDeploymentPostprocessing = 0;
		};
/* End PBXSourcesBuildPhase section */

/* Begin PBXVariantGroup section */
		DCE99EAF2B94AA400091A041 /* LaunchScreen.storyboard */ = {
			isa = PBXVariantGroup;
			children = (
				DCE99EB02B94AA400091A041 /* Base */,
			);
			name = LaunchScreen.storyboard;
			sourceTree = "<group>";
		};
/* End PBXVariantGroup section */

/* Begin XCBuildConfiguration section */
		DCE99EB32B94AA400091A041 /* Debug */ = {
			isa = XCBuildConfiguration;
			buildSettings = {
				ALWAYS_SEARCH_USER_PATHS = NO;
				CLANG_ANALYZER_NONNULL = YES;
				CLANG_ANALYZER_NUMBER_OBJECT_CONVERSION = YES_AGGRESSIVE;
				CLANG_CXX_LANGUAGE_STANDARD = "gnu++20";
				CLANG_ENABLE_MODULES = YES;
				CLANG_ENABLE_OBJC_ARC = YES;
				CLANG_ENABLE_OBJC_WEAK = YES;
				CLANG_WARN_BLOCK_CAPTURE_AUTORELEASING = YES;
				CLANG_WARN_BOOL_CONVERSION = YES;
				CLANG_WARN_COMMA = YES;
				CLANG_WARN_CONSTANT_CONVERSION = YES;
				CLANG_WARN_DEPRECATED_OBJC_IMPLEMENTATIONS = YES;
				CLANG_WARN_DIRECT_OBJC_ISA_USAGE = YES_ERROR;
				CLANG_WARN_DOCUMENTATION_COMMENTS = YES;
				CLANG_WARN_EMPTY_BODY = YES;
				CLANG_WARN_ENUM_CONVERSION = YES;
				CLANG_WARN_INFINITE_RECURSION = YES;
				CLANG_WARN_INT_CONVERSION = YES;
				CLANG_WARN_NON_LITERAL_NULL_CONVERSION = YES;
				CLANG_WARN_OBJC_IMPLICIT_RETAIN_SELF = YES;
				CLANG_WARN_OBJC_LITERAL_CONVERSION = YES;
				CLANG_WARN_OBJC_ROOT_CLASS = YES_ERROR;
				CLANG_WARN_QUOTED_INCLUDE_IN_FRAMEWORK_HEADER = YES;
				CLANG_WARN_RANGE_LOOP_ANALYSIS = YES;
				CLANG_WARN_STRICT_PROTOTYPES = YES;
				CLANG_WARN_SUSPICIOUS_MOVE = YES;
				CLANG_WARN_UNGUARDED_AVAILABILITY = YES_AGGRESSIVE;
				CLANG_WARN_UNREACHABLE_CODE = YES;
				CLANG_WARN__DUPLICATE_METHOD_MATCH = YES;
				COPY_PHASE_STRIP = NO;
				DEBUG_INFORMATION_FORMAT = dwarf;
				ENABLE_STRICT_OBJC_MSGSEND = YES;
				ENABLE_TESTABILITY = YES;
				GCC_C_LANGUAGE_STANDARD = gnu11;
				GCC_DYNAMIC_NO_PIC = NO;
				GCC_NO_COMMON_BLOCKS = YES;
				GCC_OPTIMIZATION_LEVEL = 0;
				GCC_PREPROCESSOR_DEFINITIONS = (
					"DEBUG=1",
					"$(inherited)",
				);
				GCC_WARN_64_TO_32_BIT_CONVERSION = YES;
				GCC_WARN_ABOUT_RETURN_TYPE = YES_ERROR;
				GCC_WARN_UNDECLARED_SELECTOR = YES;
				GCC_WARN_UNINITIALIZED_AUTOS = YES_AGGRESSIVE;
				GCC_WARN_UNUSED_FUNCTION = YES;
				GCC_WARN_UNUSED_VARIABLE = YES;
				IPHONEOS_DEPLOYMENT_TARGET = 13.0;
				MTL_ENABLE_DEBUG_INFO = INCLUDE_SOURCE;
				MTL_FAST_MATH = YES;
				ONLY_ACTIVE_ARCH = YES;
				SDKROOT = iphoneos;
				SWIFT_ACTIVE_COMPILATION_CONDITIONS = DEBUG;
				SWIFT_OPTIMIZATION_LEVEL = "-Onone";
			};
			name = Debug;
		};
		DCE99EB42B94AA400091A041 /* Release */ = {
			isa = XCBuildConfiguration;
			buildSettings = {
				ALWAYS_SEARCH_USER_PATHS = NO;
				CLANG_ANALYZER_NONNULL = YES;
				CLANG_ANALYZER_NUMBER_OBJECT_CONVERSION = YES_AGGRESSIVE;
				CLANG_CXX_LANGUAGE_STANDARD = "gnu++20";
				CLANG_ENABLE_MODULES = YES;
				CLANG_ENABLE_OBJC_ARC = YES;
				CLANG_ENABLE_OBJC_WEAK = YES;
				CLANG_WARN_BLOCK_CAPTURE_AUTORELEASING = YES;
				CLANG_WARN_BOOL_CONVERSION = YES;
				CLANG_WARN_COMMA = YES;
				CLANG_WARN_CONSTANT_CONVERSION = YES;
				CLANG_WARN_DEPRECATED_OBJC_IMPLEMENTATIONS = YES;
				CLANG_WARN_DIRECT_OBJC_ISA_USAGE = YES_ERROR;
				CLANG_WARN_DOCUMENTATION_COMMENTS = YES;
				CLANG_WARN_EMPTY_BODY = YES;
				CLANG_WARN_ENUM_CONVERSION = YES;
				CLANG_WARN_INFINITE_RECURSION = YES;
				CLANG_WARN_INT_CONVERSION = YES;
				CLANG_WARN_NON_LITERAL_NULL_CONVERSION = YES;
				CLANG_WARN_OBJC_IMPLICIT_RETAIN_SELF = YES;
				CLANG_WARN_OBJC_LITERAL_CONVERSION = YES;
				CLANG_WARN_OBJC_ROOT_CLASS = YES_ERROR;
				CLANG_WARN_QUOTED_INCLUDE_IN_FRAMEWORK_HEADER = YES;
				CLANG_WARN_RANGE_LOOP_ANALYSIS = YES;
				CLANG_WARN_STRICT_PROTOTYPES = YES;
				CLANG_WARN_SUSPICIOUS_MOVE = YES;
				CLANG_WARN_UNGUARDED_AVAILABILITY = YES_AGGRESSIVE;
				CLANG_WARN_UNREACHABLE_CODE = YES;
				CLANG_WARN__DUPLICATE_METHOD_MATCH = YES;
				COPY_PHASE_STRIP = NO;
				DEBUG_INFORMATION_FORMAT = "dwarf-with-dsym";
				ENABLE_NS_ASSERTIONS = NO;
				ENABLE_STRICT_OBJC_MSGSEND = YES;
				GCC_C_LANGUAGE_STANDARD = gnu11;
				GCC_NO_COMMON_BLOCKS = YES;
				GCC_WARN_64_TO_32_BIT_CONVERSION = YES;
				GCC_WARN_ABOUT_RETURN_TYPE = YES_ERROR;
				GCC_WARN_UNDECLARED_SELECTOR = YES;
				GCC_WARN_UNINITIALIZED_AUTOS = YES_AGGRESSIVE;
				GCC_WARN_UNUSED_FUNCTION = YES;
				GCC_WARN_UNUSED_VARIABLE = YES;
				IPHONEOS_DEPLOYMENT_TARGET = 13.0;
				MTL_ENABLE_DEBUG_INFO = NO;
				MTL_FAST_MATH = YES;
				SDKROOT = iphoneos;
				SWIFT_COMPILATION_MODE = wholemodule;
				SWIFT_OPTIMIZATION_LEVEL = "-O";
				VALIDATE_PRODUCT = YES;
			};
			name = Release;
		};
		DCE99EB62B94AA400091A041 /* Debug */ = {
			isa = XCBuildConfiguration;
			buildSettings = {
				ASSETCATALOG_COMPILER_APPICON_NAME = AppIcon;
				ASSETCATALOG_COMPILER_GLOBAL_ACCENT_COLOR_NAME = AccentColor;
				CODE_SIGN_STYLE = Automatic;
				CURRENT_PROJECT_VERSION = 1;
				GENERATE_INFOPLIST_FILE = YES;
				INFOPLIST_FILE = QuizApp/Info.plist;
				INFOPLIST_KEY_UIApplicationSupportsIndirectInputEvents = YES;
				INFOPLIST_KEY_UILaunchStoryboardName = LaunchScreen;
				INFOPLIST_KEY_UISupportedInterfaceOrientations = UIInterfaceOrientationPortrait;
				INFOPLIST_KEY_UISupportedInterfaceOrientations_iPad = "UIInterfaceOrientationLandscapeLeft UIInterfaceOrientationLandscapeRight UIInterfaceOrientationPortrait UIInterfaceOrientationPortraitUpsideDown";
				IPHONEOS_DEPLOYMENT_TARGET = 13.0;
				LD_RUNPATH_SEARCH_PATHS = (
					"$(inherited)",
					"@executable_path/Frameworks",
				);
				MARKETING_VERSION = 1.0;
				PRODUCT_BUNDLE_IDENTIFIER = com.tekinalp.QuizApp;
				PRODUCT_NAME = "$(TARGET_NAME)";
				SUPPORTED_PLATFORMS = "iphoneos iphonesimulator";
				SUPPORTS_MACCATALYST = NO;
				SUPPORTS_MAC_DESIGNED_FOR_IPHONE_IPAD = NO;
				SWIFT_EMIT_LOC_STRINGS = YES;
				SWIFT_VERSION = 5.0;
				TARGETED_DEVICE_FAMILY = 1;
			};
			name = Debug;
		};
		DCE99EB72B94AA400091A041 /* Release */ = {
			isa = XCBuildConfiguration;
			buildSettings = {
				ASSETCATALOG_COMPILER_APPICON_NAME = AppIcon;
				ASSETCATALOG_COMPILER_GLOBAL_ACCENT_COLOR_NAME = AccentColor;
				CODE_SIGN_STYLE = Automatic;
				CURRENT_PROJECT_VERSION = 1;
				GENERATE_INFOPLIST_FILE = YES;
				INFOPLIST_FILE = QuizApp/Info.plist;
				INFOPLIST_KEY_UIApplicationSupportsIndirectInputEvents = YES;
				INFOPLIST_KEY_UILaunchStoryboardName = LaunchScreen;
				INFOPLIST_KEY_UISupportedInterfaceOrientations = UIInterfaceOrientationPortrait;
				INFOPLIST_KEY_UISupportedInterfaceOrientations_iPad = "UIInterfaceOrientationLandscapeLeft UIInterfaceOrientationLandscapeRight UIInterfaceOrientationPortrait UIInterfaceOrientationPortraitUpsideDown";
				IPHONEOS_DEPLOYMENT_TARGET = 13.0;
				LD_RUNPATH_SEARCH_PATHS = (
					"$(inherited)",
					"@executable_path/Frameworks",
				);
				MARKETING_VERSION = 1.0;
				PRODUCT_BUNDLE_IDENTIFIER = com.tekinalp.QuizApp;
				PRODUCT_NAME = "$(TARGET_NAME)";
				SUPPORTED_PLATFORMS = "iphoneos iphonesimulator";
				SUPPORTS_MACCATALYST = NO;
				SUPPORTS_MAC_DESIGNED_FOR_IPHONE_IPAD = NO;
				SWIFT_EMIT_LOC_STRINGS = YES;
				SWIFT_VERSION = 5.0;
				TARGETED_DEVICE_FAMILY = 1;
			};
			name = Release;
		};
/* End XCBuildConfiguration section */

/* Begin XCConfigurationList section */
		DCE99E9C2B94AA3F0091A041 /* Build configuration list for PBXProject "QuizApp" */ = {
			isa = XCConfigurationList;
			buildConfigurations = (
				DCE99EB32B94AA400091A041 /* Debug */,
				DCE99EB42B94AA400091A041 /* Release */,
			);
			defaultConfigurationIsVisible = 0;
			defaultConfigurationName = Release;
		};
		DCE99EB52B94AA400091A041 /* Build configuration list for PBXNativeTarget "QuizApp" */ = {
			isa = XCConfigurationList;
			buildConfigurations = (
				DCE99EB62B94AA400091A041 /* Debug */,
				DCE99EB72B94AA400091A041 /* Release */,
			);
			defaultConfigurationIsVisible = 0;
			defaultConfigurationName = Release;
		};
/* End XCConfigurationList section */

/* Begin XCRemoteSwiftPackageReference section */
		DC584F7D2B9527AC0016D844 /* XCRemoteSwiftPackageReference "Reusable" */ = {
			isa = XCRemoteSwiftPackageReference;
			repositoryURL = "https://github.com/AliSoftware/Reusable.git";
			requirement = {
				kind = exactVersion;
				version = 4.1.2;
			};
		};
		DC606AD02B953BB200BCB5BE /* XCRemoteSwiftPackageReference "Kingfisher" */ = {
			isa = XCRemoteSwiftPackageReference;
			repositoryURL = "https://github.com/onevcat/Kingfisher.git";
			requirement = {
				kind = exactVersion;
				version = 7.11.0;
			};
		};
		DCE98BFF2B95034D0082FCBF /* XCRemoteSwiftPackageReference "MBProgressHUD" */ = {
			isa = XCRemoteSwiftPackageReference;
			repositoryURL = "https://github.com/jdg/MBProgressHUD.git";
			requirement = {
				kind = exactVersion;
				version = 1.2.0;
			};
		};
/* End XCRemoteSwiftPackageReference section */

/* Begin XCSwiftPackageProductDependency section */
		DC584F7E2B9527AC0016D844 /* Reusable */ = {
			isa = XCSwiftPackageProductDependency;
			package = DC584F7D2B9527AC0016D844 /* XCRemoteSwiftPackageReference "Reusable" */;
			productName = Reusable;
		};
		DC606AD12B953BB200BCB5BE /* Kingfisher */ = {
			isa = XCSwiftPackageProductDependency;
			package = DC606AD02B953BB200BCB5BE /* XCRemoteSwiftPackageReference "Kingfisher" */;
			productName = Kingfisher;
		};
		DCE98C002B95034D0082FCBF /* MBProgressHUD */ = {
			isa = XCSwiftPackageProductDependency;
			package = DCE98BFF2B95034D0082FCBF /* XCRemoteSwiftPackageReference "MBProgressHUD" */;
			productName = MBProgressHUD;
		};
/* End XCSwiftPackageProductDependency section */
	};
	rootObject = DCE99E992B94AA3F0091A041 /* Project object */;
}
